{
    "_meta": {
        "hash": {
            "sha256": "4a13733a45ae752a554d3b21861ca47fd9438a781847d5ff3cb773621885d28d"
        },
        "pipfile-spec": 6,
        "requires": {
            "python_version": "3.9"
        },
        "sources": [
            {
                "name": "pypi",
                "url": "https://pypi.org/simple",
                "verify_ssl": true
            }
        ]
    },
    "default": {
        "backcall": {
            "hashes": [
                "sha256:5cbdbf27be5e7cfadb448baf0aa95508f91f2bbc6c6437cd9cd06e2a4c215e1e",
                "sha256:fbbce6a29f263178a1f7915c1940bde0ec2b2a967566fe1c65c1dfb7422bd255"
            ],
            "version": "==0.2.0"
        },
        "decorator": {
            "hashes": [
                "sha256:7b12e7c3c6ab203a29e157335e9122cb03de9ab7264b137594103fd4a683b374",
                "sha256:e59913af105b9860aa2c8d3272d9de5a56a4e608db9a2f167a8480b323d529a7"
            ],
            "markers": "python_version >= '3.5'",
            "version": "==5.1.0"
        },
        "et-xmlfile": {
            "hashes": [
                "sha256:8eb9e2bc2f8c97e37a2dc85a09ecdcdec9d8a396530a6d5a33b30b9a92da0c5c",
                "sha256:a2ba85d1d6a74ef63837eed693bcb89c3f752169b0e3e7ae5b16ca5e1b3deada"
            ],
            "markers": "python_version >= '3.6'",
            "version": "==1.1.0"
        },
        "greenlet": {
            "hashes": [
                "sha256:00e44c8afdbe5467e4f7b5851be223be68adb4272f44696ee71fe46b7036a711",
                "sha256:013d61294b6cd8fe3242932c1c5e36e5d1db2c8afb58606c5a67efce62c1f5fd",
                "sha256:049fe7579230e44daef03a259faa24511d10ebfa44f69411d99e6a184fe68073",
                "sha256:14d4f3cd4e8b524ae9b8aa567858beed70c392fdec26dbdb0a8a418392e71708",
                "sha256:166eac03e48784a6a6e0e5f041cfebb1ab400b394db188c48b3a84737f505b67",
                "sha256:17ff94e7a83aa8671a25bf5b59326ec26da379ace2ebc4411d690d80a7fbcf23",
                "sha256:1e12bdc622676ce47ae9abbf455c189e442afdde8818d9da983085df6312e7a1",
                "sha256:21915eb821a6b3d9d8eefdaf57d6c345b970ad722f856cd71739493ce003ad08",
                "sha256:288c6a76705dc54fba69fbcb59904ae4ad768b4c768839b8ca5fdadec6dd8cfd",
                "sha256:32ca72bbc673adbcfecb935bb3fb1b74e663d10a4b241aaa2f5a75fe1d1f90aa",
                "sha256:356b3576ad078c89a6107caa9c50cc14e98e3a6c4874a37c3e0273e4baf33de8",
                "sha256:40b951f601af999a8bf2ce8c71e8aaa4e8c6f78ff8afae7b808aae2dc50d4c40",
                "sha256:572e1787d1460da79590bf44304abbc0a2da944ea64ec549188fa84d89bba7ab",
                "sha256:58df5c2a0e293bf665a51f8a100d3e9956febfbf1d9aaf8c0677cf70218910c6",
                "sha256:64e6175c2e53195278d7388c454e0b30997573f3f4bd63697f88d855f7a6a1fc",
                "sha256:7227b47e73dedaa513cdebb98469705ef0d66eb5a1250144468e9c3097d6b59b",
                "sha256:7418b6bfc7fe3331541b84bb2141c9baf1ec7132a7ecd9f375912eca810e714e",
                "sha256:7cbd7574ce8e138bda9df4efc6bf2ab8572c9aff640d8ecfece1b006b68da963",
                "sha256:7ff61ff178250f9bb3cd89752df0f1dd0e27316a8bd1465351652b1b4a4cdfd3",
                "sha256:833e1551925ed51e6b44c800e71e77dacd7e49181fdc9ac9a0bf3714d515785d",
                "sha256:8639cadfda96737427330a094476d4c7a56ac03de7265622fcf4cfe57c8ae18d",
                "sha256:8c790abda465726cfb8bb08bd4ca9a5d0a7bd77c7ac1ca1b839ad823b948ea28",
                "sha256:8d2f1fb53a421b410751887eb4ff21386d119ef9cde3797bf5e7ed49fb51a3b3",
                "sha256:903bbd302a2378f984aef528f76d4c9b1748f318fe1294961c072bdc7f2ffa3e",
                "sha256:93f81b134a165cc17123626ab8da2e30c0455441d4ab5576eed73a64c025b25c",
                "sha256:95e69877983ea39b7303570fa6760f81a3eec23d0e3ab2021b7144b94d06202d",
                "sha256:9633b3034d3d901f0a46b7939f8c4d64427dfba6bbc5a36b1a67364cf148a1b0",
                "sha256:97e5306482182170ade15c4b0d8386ded995a07d7cc2ca8f27958d34d6736497",
                "sha256:9f3cba480d3deb69f6ee2c1825060177a22c7826431458c697df88e6aeb3caee",
                "sha256:aa5b467f15e78b82257319aebc78dd2915e4c1436c3c0d1ad6f53e47ba6e2713",
                "sha256:abb7a75ed8b968f3061327c433a0fbd17b729947b400747c334a9c29a9af6c58",
                "sha256:aec52725173bd3a7b56fe91bc56eccb26fbdff1386ef123abb63c84c5b43b63a",
                "sha256:b11548073a2213d950c3f671aa88e6f83cda6e2fb97a8b6317b1b5b33d850e06",
                "sha256:b1692f7d6bc45e3200844be0dba153612103db241691088626a33ff1f24a0d88",
                "sha256:b92e29e58bef6d9cfd340c72b04d74c4b4e9f70c9fa7c78b674d1fec18896dc4",
                "sha256:be5f425ff1f5f4b3c1e33ad64ab994eed12fc284a6ea71c5243fd564502ecbe5",
                "sha256:dd0b1e9e891f69e7675ba5c92e28b90eaa045f6ab134ffe70b52e948aa175b3c",
                "sha256:e30f5ea4ae2346e62cedde8794a56858a67b878dd79f7df76a0767e356b1744a",
                "sha256:e6a36bb9474218c7a5b27ae476035497a6990e21d04c279884eb10d9b290f1b1",
                "sha256:e859fcb4cbe93504ea18008d1df98dee4f7766db66c435e4882ab35cf70cac43",
                "sha256:eb6ea6da4c787111adf40f697b4e58732ee0942b5d3bd8f435277643329ba627",
                "sha256:ec8c433b3ab0419100bd45b47c9c8551248a5aee30ca5e9d399a0b57ac04651b",
                "sha256:eff9d20417ff9dcb0d25e2defc2574d10b491bf2e693b4e491914738b7908168",
                "sha256:f0214eb2a23b85528310dad848ad2ac58e735612929c8072f6093f3585fd342d",
                "sha256:f276df9830dba7a333544bd41070e8175762a7ac20350786b322b714b0e654f5",
                "sha256:f3acda1924472472ddd60c29e5b9db0cec629fbe3c5c5accb74d6d6d14773478",
                "sha256:f70a9e237bb792c7cc7e44c531fd48f5897961701cdaa06cf22fc14965c496cf",
                "sha256:f9d29ca8a77117315101425ec7ec2a47a22ccf59f5593378fc4077ac5b754fce",
                "sha256:fa877ca7f6b48054f847b61d6fa7bed5cebb663ebc55e018fda12db09dcc664c",
                "sha256:fdcec0b8399108577ec290f55551d926d9a1fa6cad45882093a7a07ac5ec147b"
            ],
            "markers": "python_version >= '3' and platform_machine == 'aarch64' or (platform_machine == 'ppc64le' or (platform_machine == 'x86_64' or (platform_machine == 'amd64' or (platform_machine == 'AMD64' or (platform_machine == 'win32' or platform_machine == 'WIN32')))))",
            "version": "==1.1.2"
        },
        "imbalanced-learn": {
            "hashes": [
                "sha256:eaf576b1ba3523a0facf3aaa483ca17e326301e53e7678c54d73b7e0250edd43",
                "sha256:fcd4a54618d118998933d7366133889d2ba6508cca209de27a22b3205d82a3f9"
            ],
            "version": "==0.8.1"
        },
        "imblearn": {
            "hashes": [
                "sha256:d42c2d709d22c00d2b9a91e638d57240a8b79b4014122d92181fcd2549a2f79a",
                "sha256:d8fbb662919c1b16f438ad91a8256220e53bcf6815c9ad5502c518b798de34f2"
            ],
            "index": "pypi",
            "version": "==0.0"
        },
        "ipython": {
            "hashes": [
                "sha256:2097be5c814d1b974aea57673176a924c4c8c9583890e7a5f082f547b9975b11",
                "sha256:f16148f9163e1e526f1008d7c8d966d9c15600ca20d1a754287cf96d00ba6f1d"
            ],
            "markers": "python_version >= '3.7'",
            "version": "==7.28.0"
        },
        "ipython-genutils": {
            "hashes": [
                "sha256:72dd37233799e619666c9f639a9da83c34013a73e8bbc79a7a6348d93c61fab8",
                "sha256:eb2e116e75ecef9d4d228fdc66af54269afa26ab4463042e33785b887c628ba8"
            ],
            "version": "==0.2.0"
        },
        "ipython-sql": {
            "hashes": [
                "sha256:7187f6371f38b89d8fb63c2c7c4233d9000fb53b460dae79e4a359df366cc3ed",
                "sha256:bbeebb6c0b520350cc8fc86061c202ecc52ba8525a883541f35578513b43f112"
            ],
            "index": "pypi",
            "version": "==0.3.9"
        },
        "jedi": {
            "hashes": [
                "sha256:18456d83f65f400ab0c2d3319e48520420ef43b23a086fdc05dff34132f0fb93",
                "sha256:92550a404bad8afed881a137ec9a461fed49eca661414be45059329614ed0707"
            ],
            "markers": "python_version >= '3.6'",
            "version": "==0.18.0"
        },
        "joblib": {
            "hashes": [
                "sha256:4158fcecd13733f8be669be0683b96ebdbbd38d23559f54dca7205aea1bf1e35",
                "sha256:f21f109b3c7ff9d95f8387f752d0d9c34a02aa2f7060c2135f465da0e5160ff6"
            ],
            "markers": "python_version >= '3.6'",
            "version": "==1.1.0"
        },
        "matplotlib-inline": {
            "hashes": [
                "sha256:a04bfba22e0d1395479f866853ec1ee28eea1485c1d69a6faf00dc3e24ff34ee",
                "sha256:aed605ba3b72462d64d475a21a9296f400a19c4f74a31b59103d2a99ffd5aa5c"
            ],
            "markers": "python_version >= '3.5'",
            "version": "==0.1.3"
        },
        "numpy": {
            "hashes": [
                "sha256:043e83bfc274649c82a6f09836943e4a4aebe5e33656271c7dbf9621dd58b8ec",
                "sha256:160ccc1bed3a8371bf0d760971f09bfe80a3e18646620e9ded0ad159d9749baa",
                "sha256:188031f833bbb623637e66006cf75e933e00e7231f67e2b45cf8189612bb5dc3",
                "sha256:28f15209fb535dd4c504a7762d3bc440779b0e37d50ed810ced209e5cea60d96",
                "sha256:29fb3dcd0468b7715f8ce2c0c2d9bbbaf5ae686334951343a41bd8d155c6ea27",
                "sha256:2a6ee9620061b2a722749b391c0d80a0e2ae97290f1b32e28d5a362e21941ee4",
                "sha256:300321e3985c968e3ae7fbda187237b225f3ffe6528395a5b7a5407f73cf093e",
                "sha256:32437f0b275c1d09d9c3add782516413e98cd7c09e6baf4715cbce781fc29912",
                "sha256:3c09418a14471c7ae69ba682e2428cae5b4420a766659605566c0fa6987f6b7e",
                "sha256:49c6249260890e05b8111ebfc391ed58b3cb4b33e63197b2ec7f776e45330721",
                "sha256:4cc9b512e9fb590797474f58b7f6d1f1b654b3a94f4fa8558b48ca8b3cfc97cf",
                "sha256:508b0b513fa1266875524ba8a9ecc27b02ad771fe1704a16314dc1a816a68737",
                "sha256:50cd26b0cf6664cb3b3dd161ba0a09c9c1343db064e7c69f9f8b551f5104d654",
                "sha256:5c4193f70f8069550a1788bd0cd3268ab7d3a2b70583dfe3b2e7f421e9aace06",
                "sha256:5dfe9d6a4c39b8b6edd7990091fea4f852888e41919d0e6722fe78dd421db0eb",
                "sha256:63571bb7897a584ca3249c86dd01c10bcb5fe4296e3568b2e9c1a55356b6410e",
                "sha256:75621882d2230ab77fb6a03d4cbccd2038511491076e7964ef87306623aa5272",
                "sha256:75eb7cadc8da49302f5b659d40ba4f6d94d5045fbd9569c9d058e77b0514c9e4",
                "sha256:88a5d6b268e9ad18f3533e184744acdaa2e913b13148160b1152300c949bbb5f",
                "sha256:8a10968963640e75cc0193e1847616ab4c718e83b6938ae74dea44953950f6b7",
                "sha256:90bec6a86b348b4559b6482e2b684db4a9a7eed1fa054b86115a48d58fbbf62a",
                "sha256:98339aa9911853f131de11010f6dd94c8cec254d3d1f7261528c3b3e3219f139",
                "sha256:a99a6b067e5190ac6d12005a4d85aa6227c5606fa93211f86b1dafb16233e57d",
                "sha256:bffa2eee3b87376cc6b31eee36d05349571c236d1de1175b804b348dc0941e3f",
                "sha256:c6c2d535a7beb1f8790aaa98fd089ceab2e3dd7ca48aca0af7dc60e6ef93ffe1",
                "sha256:cc14e7519fab2a4ed87d31f99c31a3796e4e1fe63a86ebdd1c5a1ea78ebd5896",
                "sha256:dd0482f3fc547f1b1b5d6a8b8e08f63fdc250c58ce688dedd8851e6e26cff0f3",
                "sha256:dde972a1e11bb7b702ed0e447953e7617723760f420decb97305e66fb4afc54f",
                "sha256:e54af82d68ef8255535a6cdb353f55d6b8cf418a83e2be3569243787a4f4866f",
                "sha256:e606e6316911471c8d9b4618e082635cfe98876007556e89ce03d52ff5e8fcf0",
                "sha256:f41b018f126aac18583956c54544db437f25c7ee4794bcb23eb38bef8e5e192a",
                "sha256:f8f4625536926a155b80ad2bbff44f8cc59e9f2ad14cdda7acf4c135b4dc8ff2",
                "sha256:fe52dbe47d9deb69b05084abd4b0df7abb39a3c51957c09f635520abd49b29dd"
            ],
            "markers": "python_version < '3.11' and python_version >= '3.7'",
            "version": "==1.21.3"
        },
        "openpyxl": {
            "hashes": [
                "sha256:40f568b9829bf9e446acfffce30250ac1fa39035124d55fc024025c41481c90f",
                "sha256:8f3b11bd896a95468a4ab162fc4fcd260d46157155d1f8bfaabb99d88cfcf79f"
            ],
            "index": "pypi",
            "version": "==3.0.9"
        },
        "parso": {
            "hashes": [
                "sha256:12b83492c6239ce32ff5eed6d3639d6a536170723c6f3f1506869f1ace413398",
                "sha256:a8c4922db71e4fdb90e0d0bc6e50f9b273d3397925e5e60a717e719201778d22"
            ],
            "markers": "python_version >= '3.6'",
            "version": "==0.8.2"
        },
        "pexpect": {
            "hashes": [
                "sha256:0b48a55dcb3c05f3329815901ea4fc1537514d6ba867a152b581d69ae3710937",
                "sha256:fc65a43959d153d0114afe13997d439c22823a27cefceb5ff35c2178c6784c0c"
            ],
            "markers": "sys_platform != 'win32'",
            "version": "==4.8.0"
        },
        "pickleshare": {
            "hashes": [
                "sha256:87683d47965c1da65cdacaf31c8441d12b8044cdec9aca500cd78fc2c683afca",
                "sha256:9649af414d74d4df115d5d718f82acb59c9d418196b7b4290ed47a12ce62df56"
            ],
            "version": "==0.7.5"
        },
        "prettytable": {
            "hashes": [
                "sha256:09fb2c7f93e4f93e0235f05ae199ac3f16da3a251b2cfa1c7108b34ede298fa3",
                "sha256:6d465005573a5c058d4ca343449a5b28c21252b86afcdfa168cdc6a440f0b24c"
            ],
            "markers": "python_version >= '3.6'",
            "version": "==2.2.1"
        },
        "prompt-toolkit": {
            "hashes": [
                "sha256:6076e46efae19b1e0ca1ec003ed37a933dc94b4d20f486235d436e64771dcd5c",
                "sha256:eb71d5a6b72ce6db177af4a7d4d7085b99756bf656d98ffcc4fecd36850eea6c"
            ],
            "markers": "python_full_version >= '3.6.2'",
            "version": "==3.0.20"
        },
        "psycopg2": {
            "hashes": [
                "sha256:132efc7ee46a763e68a815f4d26223d9c679953cd190f1f218187cb60decf535",
                "sha256:2327bf42c1744a434ed8ed0bbaa9168cac7ee5a22a9001f6fc85c33b8a4a14b7",
                "sha256:27c633f2d5db0fc27b51f1b08f410715b59fa3802987aec91aeb8f562724e95c",
                "sha256:2c0afb40cfb4d53487ee2ebe128649028c9a78d2476d14a67781e45dc287f080",
                "sha256:2df2bf1b87305bd95eb3ac666ee1f00a9c83d10927b8144e8e39644218f4cf81",
                "sha256:440a3ea2c955e89321a138eb7582aa1d22fe286c7d65e26a2c5411af0a88ae72",
                "sha256:6a471d4d2a6f14c97a882e8d3124869bc623f3df6177eefe02994ea41fd45b52",
                "sha256:6b306dae53ec7f4f67a10942cf8ac85de930ea90e9903e2df4001f69b7833f7e",
                "sha256:a0984ff49e176062fcdc8a5a2a670c9bb1704a2f69548bce8f8a7bad41c661bf",
                "sha256:ac5b23d0199c012ad91ed1bbb971b7666da651c6371529b1be8cbe2a7bf3c3a9",
                "sha256:acf56d564e443e3dea152efe972b1434058244298a94348fc518d6dd6a9fb0bb",
                "sha256:d3b29d717d39d3580efd760a9a46a7418408acebbb784717c90d708c9ed5f055",
                "sha256:f7d46240f7a1ae1dd95aab38bd74f7428d46531f69219954266d669da60c0818"
            ],
            "index": "pypi",
            "version": "==2.8.5"
        },
        "ptyprocess": {
            "hashes": [
                "sha256:4b41f3967fce3af57cc7e94b888626c18bf37a083e3651ca8feeb66d492fef35",
                "sha256:5c5d0a3b48ceee0b48485e0c26037c0acd7d29765ca3fbb5cb3831d347423220"
            ],
            "version": "==0.7.0"
        },
        "pygments": {
            "hashes": [
                "sha256:b8e67fe6af78f492b3c4b3e2970c0624cbf08beb1e493b2c99b9fa1b67a20380",
                "sha256:f398865f7eb6874156579fdf36bc840a03cab64d1cde9e93d68f46a425ec52c6"
            ],
            "markers": "python_version >= '3.5'",
            "version": "==2.10.0"
        },
        "scikit-learn": {
            "hashes": [
                "sha256:121f78d6564000dc5e968394f45aac87981fcaaf2be40cfcd8f07b2baa1e1829",
                "sha256:14bd46639b2149b3ed613adc095511313a0db62ba9fa31117bdcb5c23722e93b",
                "sha256:190c178028f9073d9f61cd30a19c685993236b9b2df884f16608cbb3ff03800b",
                "sha256:29559c207616604bbaa664bf98eed81b32d9f3d4c975065a206a5e2b268fe784",
                "sha256:4cb5ccb2b63c617ead48c6d92001273ad1b0e8e2bd4a4857edb58749a88b6d82",
                "sha256:555f4b4c10d3bef9e3cda63c3b45670a091fb50328fccd54948cd8a7cf887198",
                "sha256:56ab58978c7aa181856a42f8f491be953b755105040aeb070ebd6b180896f146",
                "sha256:663a6aaad92e5690b03d931f849016c9718beaa654e9a15f08bfcac750241036",
                "sha256:6a056637f7f9876e4c9db9b5434d340e0c97e25f00c4c04458f0ff906e82488e",
                "sha256:6d8bdacde73f5f484325179f466ce2011f79360e9a152100179c3dafb88f2a35",
                "sha256:776800194e757cd212b47cd05907e0eb67a554ad333fe76776060dbb729e3427",
                "sha256:83ab0d0447b8de8450c554952a8399791544605caf274fc3c904e247e1584ced",
                "sha256:9d8caf7fa58791b6b26e912e44d5056818b7bb3142bfa7806f54bde47c189078",
                "sha256:9f103cd6d7e15fa537a844c1a85c9beeeee8ec38357287c9efd3ee4bb8354e1d",
                "sha256:af94b89a8f7759603c696b320e86e57f4b2bb4911e02bf2bae33c714ac498fb8",
                "sha256:b1df4d1151dd6d945324583125e6449bb74ec7cd91ffd7f850015cdb75f151b5",
                "sha256:b9f10b85dcd9ce80f738e33f55a32b3a538b47409dc1a59eec30b46ea96759db",
                "sha256:c1f710bba72925aa96e60828df5d2a4872f5d4a4ad7bb4a4c9a6a41c9ce9a198",
                "sha256:c9c329ec195cdea6a4dee3cebdb1602f4e0f69351c63bc58a4812f3c8a9f4f2d",
                "sha256:e35135657b7103a70298cf557e4fad06af97607cb0780d8f44a2f91ca7769458",
                "sha256:e8a6074f7d505bbfd30bcc1c57dc7cb150cc9c021459c2e2729854be1aefb5f7",
                "sha256:eed33b7ca2bf3fdd585339db42838ab0b641952e064564bff6e9a10573ea665c",
                "sha256:efeac34d0ce6bf9404d268545867cbde9d6ecadd0e9bd7e6b468e5f4e2349875",
                "sha256:f7053801ceb7c51ce674c6a8e37a18fcc221c292f66ef7da84744ecf13b4a0c0",
                "sha256:f8aecb3edc443e5625725ae1ef8f500fa78ce7cb0e864115864bb9f234d18290"
            ],
            "markers": "python_version >= '3.7'",
            "version": "==1.0"
        },
        "scipy": {
            "hashes": [
                "sha256:2a0eeaab01258e0870c4022a6cd329aef3b7c6c2b606bd7cf7bb2ba9820ae561",
                "sha256:3304bd5bc32e00954ac4b3f4cc382ca8824719bf348aacbec6347337d6b125fe",
                "sha256:3f52470e0548cdb74fb8ddf06773ffdcca7c97550f903b1c51312ec19243a7f7",
                "sha256:4729b41a4cdaf4cd011aeac816b532f990bdf97710cef59149d3e293115cf467",
                "sha256:4ee952f39a4a4c7ba775a32b664b1f4b74818548b65f765987adc14bb78f5802",
                "sha256:611f9cb459d0707dd8e4de0c96f86e93f61aac7475fcb225e9ec71fecdc5cebf",
                "sha256:6b47d5fa7ea651054362561a28b1ccc8da9368a39514c1bbf6c0977a1c376764",
                "sha256:71cfc96297617eab911e22216e8a8597703202e95636d9406df9af5c2ac99a2b",
                "sha256:787749110a23502031fb1643c55a2236c99c6b989cca703ea2114d65e21728ef",
                "sha256:90c07ba5f34f33299a428b0d4fa24c30d2ceba44d63f8385b2b05be460819fcb",
                "sha256:a496b42dbcd04ea9924f5e92be63af3d8e0f43a274b769bfaca0a297327d54ee",
                "sha256:bc61e3e5ff92d2f32bb263621d54a9cff5e3f7c420af3d1fa122ce2529de2bd9",
                "sha256:c9951e3746b68974125e5e3445008a4163dd6d20ae0bbdae22b38cb8951dc11b",
                "sha256:d1388fbac9dd591ea630da75c455f4cc637a7ca5ecb31a6b6cef430914749cde",
                "sha256:d13f31457f2216e5705304d9f28e2826edf75487410a57aa99263fa4ffd792c2",
                "sha256:d648aa85dd5074b1ed83008ae987c3fbb53d68af619fce1dee231f4d8bd40e2f",
                "sha256:da9c6b336e540def0b7fd65603da8abeb306c5fc9a5f4238665cbbb5ff95cf58",
                "sha256:e101bceeb9e65a90dadbc5ca31283403a2d4667b9c178db29109750568e8d112",
                "sha256:efdd3825d54c58df2cc394366ca4b9166cf940a0ebddeb87b6c10053deb625ea"
            ],
            "markers": "python_version < '3.10' and python_version >= '3.7'",
            "version": "==1.7.1"
        },
        "six": {
            "hashes": [
                "sha256:1e61c37477a1626458e36f7b1d82aa5c9b094fa4802892072e49de9c60c4c926",
                "sha256:8abb2f1d86890a2dfb989f9a77cfcfd3e47c2a354b01111771326f8aa26e0254"
            ],
            "markers": "python_version >= '2.7' and python_version not in '3.0, 3.1, 3.2, 3.3'",
            "version": "==1.16.0"
        },
        "sqlalchemy": {
            "hashes": [
                "sha256:07ac4461a1116b317519ddf6f34bcb00b011b5c1370ebeaaf56595504ffc7e84",
                "sha256:090536fd23bf49077ee94ff97142bc5ee8bad24294c3d7c8d5284267c885dde7",
                "sha256:1dee515578d04bc80c4f9a8c8cfe93f455db725059e885f1b1da174d91c4d077",
                "sha256:1ef37c9ec2015ce2f0dc1084514e197f2f199d3dc3514190db7620b78e6004c8",
                "sha256:295b90efef1278f27fe27d94a45460ae3c17f5c5c2b32c163e29c359740a1599",
                "sha256:2ce42ad1f59eb85c55c44fb505f8854081ee23748f76b62a7f569cfa9b6d0604",
                "sha256:2feb028dc75e13ba93456a42ac042b255bf94dbd692bf80b47b22653bb25ccf8",
                "sha256:31f4426cfad19b5a50d07153146b2bcb372a279975d5fa39f98883c0ef0f3313",
                "sha256:3c0c5f54560a92691d54b0768d67b4d3159e514b426cfcb1258af8c195577e8f",
                "sha256:463ef692259ff8189be42223e433542347ae17e33f91c1013e9c5c64e2798088",
                "sha256:4a882dedb9dfa6f33524953c3e3d72bcf518a5defd6d5863150a821928b19ad3",
                "sha256:4c185c928e2638af9bae13acc3f70e0096eac76471a1101a10f96b80666b8270",
                "sha256:5039faa365e7522a8eb4736a54afd24a7e75dcc33b81ab2f0e6c456140f1ad64",
                "sha256:5c6774b34782116ad9bdec61c2dbce9faaca4b166a0bc8e7b03c2b870b121d94",
                "sha256:6bc7f9d7d90ef55e8c6db1308a8619cd8f40e24a34f759119b95e7284dca351a",
                "sha256:7e8ef103eaa72a857746fd57dda5b8b5961e8e82a528a3f8b7e2884d8506f0b7",
                "sha256:7ef421c3887b39c6f352e5022a53ac18de8387de331130481cb956b2d029cad6",
                "sha256:908fad32c53b17aad12d722379150c3c5317c422437e44032256a77df1746292",
                "sha256:91efbda4e6d311812f23996242bad7665c1392209554f8a31ec6db757456db5c",
                "sha256:a6506c17b0b6016656783232d0bdd03fd333f1f654d51a14d93223f953903646",
                "sha256:a95bf9c725012dcd7ea3cac16bf647054e0d62b31d67467d228338e6a163e4ff",
                "sha256:ad7e403fc1e3cb76e802872694e30d6ca6129b9bc6ad4e7caa48ca35f8a144f8",
                "sha256:b86f762cee3709722ab4691981958cbec475ea43406a6916a7ec375db9cbd9e9",
                "sha256:ba84026e84379326bbf2f0c50792f2ae56ab9c01937df5597b6893810b8ca369",
                "sha256:bca660b76672e15d70a7dba5e703e1ce451a0257b6bd2028e62b0487885e8ae9",
                "sha256:c24c01dcd03426a5fe5ee7af735906bec6084977b9027a3605d11d949a565c01",
                "sha256:c2f2114b0968a280f94deeeaa31cfbac9175e6ac7bd3058b3ce6e054ecd762b3",
                "sha256:c46f013ff31b80cbe36410281675e1fb4eaf3e25c284fd8a69981c73f6fa4cb4",
                "sha256:c757ba1279b85b3460e72e8b92239dae6f8b060a75fb24b3d9be984dd78cfa55",
                "sha256:cc6b21f19bc9d4cd77cbcba5f3b260436ce033f1053cea225b6efea2603d201e",
                "sha256:dbf588ab09e522ac2cbd010919a592c6aae2f15ccc3cd9a96d01c42fbc13f63e",
                "sha256:de996756d894a2d52c132742e3b6d64ecd37e0919ddadf4dc3981818777c7e67",
                "sha256:e700d48056475d077f867e6a36e58546de71bdb6fdc3d34b879e3240827fefab",
                "sha256:f1e97c5f36b94542f72917b62f3a2f92be914b2cf33b80fa69cede7529241d2a",
                "sha256:fb2aa74a6e3c2cebea38dd21633671841fbe70ea486053cba33d68e3e22ccc0a",
                "sha256:ff8f91a7b1c4a1c7772caa9efe640f2768828897044748f2458b708f1026e2d4"
            ],
            "markers": "python_version >= '2.7' and python_version not in '3.0, 3.1, 3.2, 3.3, 3.4, 3.5'",
            "version": "==1.4.26"
        },
        "sqlparse": {
            "hashes": [
                "sha256:0c00730c74263a94e5a9919ade150dfc3b19c574389985446148402998287dae",
                "sha256:48719e356bb8b42991bdbb1e8b83223757b93789c00910a616a071910ca4a64d"
            ],
            "markers": "python_version >= '3.5'",
            "version": "==0.4.2"
        },
        "threadpoolctl": {
            "hashes": [
                "sha256:4fade5b3b48ae4b1c30f200b28f39180371104fccc642e039e0f2435ec8cc211",
                "sha256:d03115321233d0be715f0d3a5ad1d6c065fe425ddc2d671ca8e45e9fd5d7a52a"
            ],
            "markers": "python_version >= '3.6'",
            "version": "==3.0.0"
        },
        "traitlets": {
            "hashes": [
                "sha256:03f172516916220b58c9f19d7f854734136dd9528103d04e9bf139a92c9f54c4",
                "sha256:bd382d7ea181fbbcce157c133db9a829ce06edffe097bcf3ab945b435452b46d"
            ],
            "markers": "python_version >= '3.7'",
            "version": "==5.1.0"
        },
        "wcwidth": {
            "hashes": [
                "sha256:beb4802a9cebb9144e99086eff703a642a13d6a0052920003a230f3294bbe784",
                "sha256:c4d647b99872929fdb7bdcaa4fbe7f01413ed3d98077df798530e5b04f116c83"
            ],
            "version": "==0.2.5"
        }
    },
    "develop": {}
}
